
Microsoft Visual Studio Solution File, Format Version 12.00
# Visual Studio Version 17
VisualStudioVersion = 17.4.33122.133
MinimumVisualStudioVersion = 10.0.40219.1
Project("{9A19103F-16F7-4668-BE54-9A1E7A4F7556}") = "MovieDatabaseMasterRepository", "MovieDatabaseMasterRepository\MovieDatabaseMasterRepository.csproj", "{92F2AB77-C912-4D37-BAD8-CFD16921BCC3}"
EndProject
Project("{FAE04EC0-301F-11D3-BF4B-00C04F79EFBC}") = "MovieDatabaseMasterDTO", "MovieDatabaseMasterDTO\MovieDatabaseMasterDTO.csproj", "{7B44903D-C61F-43DA-8441-A9D3791639E4}"
EndProject
Global
	GlobalSection(SolutionConfigurationPlatforms) = preSolution
		Debug|Any CPU = Debug|Any CPU
		Release|Any CPU = Release|Any CPU
	EndGlobalSection
	GlobalSection(ProjectConfigurationPlatforms) = postSolution
		{92F2AB77-C912-4D37-BAD8-CFD16921BCC3}.Debug|Any CPU.ActiveCfg = Debug|Any CPU
		{92F2AB77-C912-4D37-BAD8-CFD16921BCC3}.Debug|Any CPU.Build.0 = Debug|Any CPU
		{92F2AB77-C912-4D37-BAD8-CFD16921BCC3}.Release|Any CPU.ActiveCfg = Release|Any CPU
		{92F2AB77-C912-4D37-BAD8-CFD16921BCC3}.Release|Any CPU.Build.0 = Release|Any CPU
		{7B44903D-C61F-43DA-8441-A9D3791639E4}.Debug|Any CPU.ActiveCfg = Debug|Any CPU
		{7B44903D-C61F-43DA-8441-A9D3791639E4}.Debug|Any CPU.Build.0 = Debug|Any CPU
		{7B44903D-C61F-43DA-8441-A9D3791639E4}.Release|Any CPU.ActiveCfg = Release|Any CPU
		{7B44903D-C61F-43DA-8441-A9D3791639E4}.Release|Any CPU.Build.0 = Release|Any CPU
	EndGlobalSection
	GlobalSection(SolutionProperties) = preSolution
		HideSolutionNode = FALSE
	EndGlobalSection
	GlobalSection(ExtensibilityGlobals) = postSolution
		SolutionGuid = {85B20EE7-FF28-42F0-AC2C-3DE7B23EEC0A}
	EndGlobalSection
EndGlobal
