
Microsoft Visual Studio Solution File, Format Version 12.00
# Visual Studio Version 17
VisualStudioVersion = 17.4.33122.133
MinimumVisualStudioVersion = 10.0.40219.1
Project("{FAE04EC0-301F-11D3-BF4B-00C04F79EFBC}") = "CreatingApis", "CreatingApis\CreatingApis.csproj", "{CCEF8954-B992-4D17-8101-77B34DFE7E7E}"
EndProject
Global
	GlobalSection(SolutionConfigurationPlatforms) = preSolution
		Debug|Any CPU = Debug|Any CPU
		Release|Any CPU = Release|Any CPU
	EndGlobalSection
	GlobalSection(ProjectConfigurationPlatforms) = postSolution
		{CCEF8954-B992-4D17-8101-77B34DFE7E7E}.Debug|Any CPU.ActiveCfg = Debug|Any CPU
		{CCEF8954-B992-4D17-8101-77B34DFE7E7E}.Debug|Any CPU.Build.0 = Debug|Any CPU
		{CCEF8954-B992-4D17-8101-77B34DFE7E7E}.Release|Any CPU.ActiveCfg = Release|Any CPU
		{CCEF8954-B992-4D17-8101-77B34DFE7E7E}.Release|Any CPU.Build.0 = Release|Any CPU
	EndGlobalSection
	GlobalSection(SolutionProperties) = preSolution
		HideSolutionNode = FALSE
	EndGlobalSection
	GlobalSection(ExtensibilityGlobals) = postSolution
		SolutionGuid = {7993FAFD-E195-4555-B280-D0F61AEEBF0C}
	EndGlobalSection
EndGlobal
