
Microsoft Visual Studio Solution File, Format Version 12.00
# Visual Studio Version 17
VisualStudioVersion = 17.3.32922.545
MinimumVisualStudioVersion = 10.0.40219.1
Project("{FAE04EC0-301F-11D3-BF4B-00C04F79EFBC}") = "Loops101", "Loops101\Loops101.csproj", "{3BBEF729-B7BE-460E-8348-BC32BFC31523}"
EndProject
Global
	GlobalSection(SolutionConfigurationPlatforms) = preSolution
		Debug|Any CPU = Debug|Any CPU
		Release|Any CPU = Release|Any CPU
	EndGlobalSection
	GlobalSection(ProjectConfigurationPlatforms) = postSolution
		{3BBEF729-B7BE-460E-8348-BC32BFC31523}.Debug|Any CPU.ActiveCfg = Debug|Any CPU
		{3BBEF729-B7BE-460E-8348-BC32BFC31523}.Debug|Any CPU.Build.0 = Debug|Any CPU
		{3BBEF729-B7BE-460E-8348-BC32BFC31523}.Release|Any CPU.ActiveCfg = Release|Any CPU
		{3BBEF729-B7BE-460E-8348-BC32BFC31523}.Release|Any CPU.Build.0 = Release|Any CPU
	EndGlobalSection
	GlobalSection(SolutionProperties) = preSolution
		HideSolutionNode = FALSE
	EndGlobalSection
	GlobalSection(ExtensibilityGlobals) = postSolution
		SolutionGuid = {0A18C06C-8A95-4ECD-9A20-82481E4241F7}
	EndGlobalSection
EndGlobal
