
Microsoft Visual Studio Solution File, Format Version 12.00
# Visual Studio Version 17
VisualStudioVersion = 17.3.32922.545
MinimumVisualStudioVersion = 10.0.40219.1
Project("{FAE04EC0-301F-11D3-BF4B-00C04F79EFBC}") = "Roshambo", "Roshambo\Roshambo.csproj", "{01E91FA5-FD66-4AAB-8BB3-0DB6C07C01DC}"
EndProject
Global
	GlobalSection(SolutionConfigurationPlatforms) = preSolution
		Debug|Any CPU = Debug|Any CPU
		Release|Any CPU = Release|Any CPU
	EndGlobalSection
	GlobalSection(ProjectConfigurationPlatforms) = postSolution
		{01E91FA5-FD66-4AAB-8BB3-0DB6C07C01DC}.Debug|Any CPU.ActiveCfg = Debug|Any CPU
		{01E91FA5-FD66-4AAB-8BB3-0DB6C07C01DC}.Debug|Any CPU.Build.0 = Debug|Any CPU
		{01E91FA5-FD66-4AAB-8BB3-0DB6C07C01DC}.Release|Any CPU.ActiveCfg = Release|Any CPU
		{01E91FA5-FD66-4AAB-8BB3-0DB6C07C01DC}.Release|Any CPU.Build.0 = Release|Any CPU
	EndGlobalSection
	GlobalSection(SolutionProperties) = preSolution
		HideSolutionNode = FALSE
	EndGlobalSection
	GlobalSection(ExtensibilityGlobals) = postSolution
		SolutionGuid = {EC2E30FC-6160-4305-BE08-89C4590907F8}
	EndGlobalSection
EndGlobal
