
Microsoft Visual Studio Solution File, Format Version 12.00
# Visual Studio Version 17
VisualStudioVersion = 17.3.32825.248
MinimumVisualStudioVersion = 10.0.40219.1
Project("{FAE04EC0-301F-11D3-BF4B-00C04F79EFBC}") = "Deliverable2", "Deliverable2\Deliverable2.csproj", "{0EAB1495-0A2B-477B-8C45-6819E4461939}"
EndProject
Global
	GlobalSection(SolutionConfigurationPlatforms) = preSolution
		Debug|Any CPU = Debug|Any CPU
		Release|Any CPU = Release|Any CPU
	EndGlobalSection
	GlobalSection(ProjectConfigurationPlatforms) = postSolution
		{0EAB1495-0A2B-477B-8C45-6819E4461939}.Debug|Any CPU.ActiveCfg = Debug|Any CPU
		{0EAB1495-0A2B-477B-8C45-6819E4461939}.Debug|Any CPU.Build.0 = Debug|Any CPU
		{0EAB1495-0A2B-477B-8C45-6819E4461939}.Release|Any CPU.ActiveCfg = Release|Any CPU
		{0EAB1495-0A2B-477B-8C45-6819E4461939}.Release|Any CPU.Build.0 = Release|Any CPU
	EndGlobalSection
	GlobalSection(SolutionProperties) = preSolution
		HideSolutionNode = FALSE
	EndGlobalSection
	GlobalSection(ExtensibilityGlobals) = postSolution
		SolutionGuid = {F4358C77-6E4F-4F9D-A352-3CA5BE19B14C}
	EndGlobalSection
EndGlobal
