
Microsoft Visual Studio Solution File, Format Version 12.00
# Visual Studio Version 17
VisualStudioVersion = 17.3.32922.545
MinimumVisualStudioVersion = 10.0.40219.1
Project("{FAE04EC0-301F-11D3-BF4B-00C04F79EFBC}") = "0929Exercises", "0929Exercises\0929Exercises.csproj", "{C34132A7-9867-46C8-A166-4C7CD9C59332}"
EndProject
Global
	GlobalSection(SolutionConfigurationPlatforms) = preSolution
		Debug|Any CPU = Debug|Any CPU
		Release|Any CPU = Release|Any CPU
	EndGlobalSection
	GlobalSection(ProjectConfigurationPlatforms) = postSolution
		{C34132A7-9867-46C8-A166-4C7CD9C59332}.Debug|Any CPU.ActiveCfg = Debug|Any CPU
		{C34132A7-9867-46C8-A166-4C7CD9C59332}.Debug|Any CPU.Build.0 = Debug|Any CPU
		{C34132A7-9867-46C8-A166-4C7CD9C59332}.Release|Any CPU.ActiveCfg = Release|Any CPU
		{C34132A7-9867-46C8-A166-4C7CD9C59332}.Release|Any CPU.Build.0 = Release|Any CPU
	EndGlobalSection
	GlobalSection(SolutionProperties) = preSolution
		HideSolutionNode = FALSE
	EndGlobalSection
	GlobalSection(ExtensibilityGlobals) = postSolution
		SolutionGuid = {CCD5DD0F-43EF-4E58-AF74-DDFCE441761A}
	EndGlobalSection
EndGlobal
