
Microsoft Visual Studio Solution File, Format Version 12.00
# Visual Studio Version 17
VisualStudioVersion = 17.4.33122.133
MinimumVisualStudioVersion = 10.0.40219.1
Project("{FAE04EC0-301F-11D3-BF4B-00C04F79EFBC}") = "MyWebApp", "MyWebApp\MyWebApp.csproj", "{1C892BBC-688A-45F0-B229-23EE913DA7FB}"
EndProject
Global
	GlobalSection(SolutionConfigurationPlatforms) = preSolution
		Debug|Any CPU = Debug|Any CPU
		Release|Any CPU = Release|Any CPU
	EndGlobalSection
	GlobalSection(ProjectConfigurationPlatforms) = postSolution
		{1C892BBC-688A-45F0-B229-23EE913DA7FB}.Debug|Any CPU.ActiveCfg = Debug|Any CPU
		{1C892BBC-688A-45F0-B229-23EE913DA7FB}.Debug|Any CPU.Build.0 = Debug|Any CPU
		{1C892BBC-688A-45F0-B229-23EE913DA7FB}.Release|Any CPU.ActiveCfg = Release|Any CPU
		{1C892BBC-688A-45F0-B229-23EE913DA7FB}.Release|Any CPU.Build.0 = Release|Any CPU
	EndGlobalSection
	GlobalSection(SolutionProperties) = preSolution
		HideSolutionNode = FALSE
	EndGlobalSection
	GlobalSection(ExtensibilityGlobals) = postSolution
		SolutionGuid = {58B903AF-0E3E-4E9B-991E-ECF319CDD8D2}
	EndGlobalSection
EndGlobal
